
Microsoft Visual Studio Solution File, Format Version 12.00
# Visual Studio Version 16
VisualStudioVersion = 16.0.31025.194
MinimumVisualStudioVersion = 10.0.40219.1
Project("{9A19103F-16F7-4668-BE54-9A1E7A4F7556}") = "oms_server", "oms_server\oms_server.csproj", "{48AF0958-E9E9-4007-940B-17E0260BDA1B}"
EndProject
Project("{FAE04EC0-301F-11D3-BF4B-00C04F79EFBC}") = "oms.model", "oms.model\oms.model.csproj", "{6076DD7E-887F-4F39-9076-00F95D2EF5C1}"
EndProject
Project("{FAE04EC0-301F-11D3-BF4B-00C04F79EFBC}") = "oms.service", "oms.service\oms.service.csproj", "{28F94098-736C-4A72-9C13-219E92DD838C}"
EndProject
Global
	GlobalSection(SolutionConfigurationPlatforms) = preSolution
		Debug|Any CPU = Debug|Any CPU
		Release|Any CPU = Release|Any CPU
	EndGlobalSection
	GlobalSection(ProjectConfigurationPlatforms) = postSolution
		{48AF0958-E9E9-4007-940B-17E0260BDA1B}.Debug|Any CPU.ActiveCfg = Debug|Any CPU
		{48AF0958-E9E9-4007-940B-17E0260BDA1B}.Debug|Any CPU.Build.0 = Debug|Any CPU
		{48AF0958-E9E9-4007-940B-17E0260BDA1B}.Release|Any CPU.ActiveCfg = Release|Any CPU
		{48AF0958-E9E9-4007-940B-17E0260BDA1B}.Release|Any CPU.Build.0 = Release|Any CPU
		{6076DD7E-887F-4F39-9076-00F95D2EF5C1}.Debug|Any CPU.ActiveCfg = Debug|Any CPU
		{6076DD7E-887F-4F39-9076-00F95D2EF5C1}.Debug|Any CPU.Build.0 = Debug|Any CPU
		{6076DD7E-887F-4F39-9076-00F95D2EF5C1}.Release|Any CPU.ActiveCfg = Release|Any CPU
		{6076DD7E-887F-4F39-9076-00F95D2EF5C1}.Release|Any CPU.Build.0 = Release|Any CPU
		{28F94098-736C-4A72-9C13-219E92DD838C}.Debug|Any CPU.ActiveCfg = Debug|Any CPU
		{28F94098-736C-4A72-9C13-219E92DD838C}.Debug|Any CPU.Build.0 = Debug|Any CPU
		{28F94098-736C-4A72-9C13-219E92DD838C}.Release|Any CPU.ActiveCfg = Release|Any CPU
		{28F94098-736C-4A72-9C13-219E92DD838C}.Release|Any CPU.Build.0 = Release|Any CPU
	EndGlobalSection
	GlobalSection(SolutionProperties) = preSolution
		HideSolutionNode = FALSE
	EndGlobalSection
	GlobalSection(ExtensibilityGlobals) = postSolution
		SolutionGuid = {9399FB36-8B0D-4997-9735-12E822D5EDE2}
	EndGlobalSection
EndGlobal
